
Microsoft Visual Studio Solution File, Format Version 12.00
# Visual Studio 2012
Project("{FAE04EC0-301F-11D3-BF4B-00C04F79EFBC}") = "WidthHeight_Events", "WidthHeight_Events\WidthHeight_Events.csproj", "{6AA73FDC-C9BA-4843-8EE9-655608D34F77}"
EndProject
Global
	GlobalSection(SolutionConfigurationPlatforms) = preSolution
		Debug|Any CPU = Debug|Any CPU
		Release|Any CPU = Release|Any CPU
	EndGlobalSection
	GlobalSection(ProjectConfigurationPlatforms) = postSolution
		{6AA73FDC-C9BA-4843-8EE9-655608D34F77}.Debug|Any CPU.ActiveCfg = Debug|Any CPU
		{6AA73FDC-C9BA-4843-8EE9-655608D34F77}.Debug|Any CPU.Build.0 = Debug|Any CPU
		{6AA73FDC-C9BA-4843-8EE9-655608D34F77}.Release|Any CPU.ActiveCfg = Release|Any CPU
		{6AA73FDC-C9BA-4843-8EE9-655608D34F77}.Release|Any CPU.Build.0 = Release|Any CPU
	EndGlobalSection
	GlobalSection(SolutionProperties) = preSolution
		HideSolutionNode = FALSE
	EndGlobalSection
EndGlobal
